
Microsoft Visual Studio Solution File, Format Version 12.00
# Visual Studio Version 17
VisualStudioVersion = 17.8.34316.72
MinimumVisualStudioVersion = 10.0.40219.1
Project("{FAE04EC0-301F-11D3-BF4B-00C04F79EFBC}") = "TrouverUnNombre", "TrouverUnNombre.csproj", "{5C1BE34C-CF2A-49D9-A4CA-30097B735155}"
EndProject
Global
	GlobalSection(SolutionConfigurationPlatforms) = preSolution
		Debug|Any CPU = Debug|Any CPU
		Release|Any CPU = Release|Any CPU
	EndGlobalSection
	GlobalSection(ProjectConfigurationPlatforms) = postSolution
		{5C1BE34C-CF2A-49D9-A4CA-30097B735155}.Debug|Any CPU.ActiveCfg = Debug|Any CPU
		{5C1BE34C-CF2A-49D9-A4CA-30097B735155}.Debug|Any CPU.Build.0 = Debug|Any CPU
		{5C1BE34C-CF2A-49D9-A4CA-30097B735155}.Release|Any CPU.ActiveCfg = Release|Any CPU
		{5C1BE34C-CF2A-49D9-A4CA-30097B735155}.Release|Any CPU.Build.0 = Release|Any CPU
	EndGlobalSection
	GlobalSection(SolutionProperties) = preSolution
		HideSolutionNode = FALSE
	EndGlobalSection
	GlobalSection(ExtensibilityGlobals) = postSolution
		SolutionGuid = {1C5CE503-DFD6-4E1D-B6AF-9B5095AF8F42}
	EndGlobalSection
EndGlobal
